
Microsoft Visual Studio Solution File, Format Version 12.00
# Visual Studio Version 16
VisualStudioVersion = 16.0.30717.126
MinimumVisualStudioVersion = 10.0.40219.1
Project("{9A19103F-16F7-4668-BE54-9A1E7A4F7556}") = "CleanArchitecture.Domain", "CleanArchitecture.Domain\CleanArchitecture.Domain.csproj", "{157B8B26-0D96-4F9A-9E7E-9013D8A207C7}"
EndProject
Project("{9A19103F-16F7-4668-BE54-9A1E7A4F7556}") = "CleanArchitecture.Application", "CleanArchitecture.Application\CleanArchitecture.Application.csproj", "{1DE89B35-CF36-45F4-A0A5-BE6C4D4AFE46}"
EndProject
Project("{9A19103F-16F7-4668-BE54-9A1E7A4F7556}") = "CleanArchitecture.WebApi", "CleanArchitecture.WebApi\CleanArchitecture.WebApi.csproj", "{BAAAA1EE-C668-4BE5-B986-DA0BAA1E994F}"
EndProject
Project("{FAE04EC0-301F-11D3-BF4B-00C04F79EFBC}") = "CleanArchitecture.Infrastructure.Identity", "CleanArchitecture.Infrastructure.Identity\CleanArchitecture.Infrastructure.Identity.csproj", "{A11B0213-D19C-4722-A5B1-D077BCA28084}"
EndProject
Global
	GlobalSection(SolutionConfigurationPlatforms) = preSolution
		Debug|Any CPU = Debug|Any CPU
		Release|Any CPU = Release|Any CPU
	EndGlobalSection
	GlobalSection(ProjectConfigurationPlatforms) = postSolution
		{157B8B26-0D96-4F9A-9E7E-9013D8A207C7}.Debug|Any CPU.ActiveCfg = Debug|Any CPU
		{157B8B26-0D96-4F9A-9E7E-9013D8A207C7}.Debug|Any CPU.Build.0 = Debug|Any CPU
		{157B8B26-0D96-4F9A-9E7E-9013D8A207C7}.Release|Any CPU.ActiveCfg = Release|Any CPU
		{157B8B26-0D96-4F9A-9E7E-9013D8A207C7}.Release|Any CPU.Build.0 = Release|Any CPU
		{1DE89B35-CF36-45F4-A0A5-BE6C4D4AFE46}.Debug|Any CPU.ActiveCfg = Debug|Any CPU
		{1DE89B35-CF36-45F4-A0A5-BE6C4D4AFE46}.Debug|Any CPU.Build.0 = Debug|Any CPU
		{1DE89B35-CF36-45F4-A0A5-BE6C4D4AFE46}.Release|Any CPU.ActiveCfg = Release|Any CPU
		{1DE89B35-CF36-45F4-A0A5-BE6C4D4AFE46}.Release|Any CPU.Build.0 = Release|Any CPU
		{BAAAA1EE-C668-4BE5-B986-DA0BAA1E994F}.Debug|Any CPU.ActiveCfg = Debug|Any CPU
		{BAAAA1EE-C668-4BE5-B986-DA0BAA1E994F}.Debug|Any CPU.Build.0 = Debug|Any CPU
		{BAAAA1EE-C668-4BE5-B986-DA0BAA1E994F}.Release|Any CPU.ActiveCfg = Release|Any CPU
		{BAAAA1EE-C668-4BE5-B986-DA0BAA1E994F}.Release|Any CPU.Build.0 = Release|Any CPU
		{A11B0213-D19C-4722-A5B1-D077BCA28084}.Debug|Any CPU.ActiveCfg = Debug|Any CPU
		{A11B0213-D19C-4722-A5B1-D077BCA28084}.Debug|Any CPU.Build.0 = Debug|Any CPU
		{A11B0213-D19C-4722-A5B1-D077BCA28084}.Release|Any CPU.ActiveCfg = Release|Any CPU
		{A11B0213-D19C-4722-A5B1-D077BCA28084}.Release|Any CPU.Build.0 = Release|Any CPU
	EndGlobalSection
	GlobalSection(SolutionProperties) = preSolution
		HideSolutionNode = FALSE
	EndGlobalSection
	GlobalSection(ExtensibilityGlobals) = postSolution
		SolutionGuid = {439A6E9D-570B-4F8C-A20F-9FC528EBC8B0}
	EndGlobalSection
EndGlobal
